
Microsoft Visual Studio Solution File, Format Version 12.00
# Visual Studio Version 16
VisualStudioVersion = 16.0.30907.101
MinimumVisualStudioVersion = 10.0.40219.1
Project("{FAE04EC0-301F-11D3-BF4B-00C04F79EFBC}") = "Breakpoints", "Breakpoints\Breakpoints.csproj", "{2597119A-81E6-4B4D-9D72-2197544AE585}"
EndProject
Project("{FAE04EC0-301F-11D3-BF4B-00C04F79EFBC}") = "Exceptions", "Exceptions\Exceptions.csproj", "{BDAD6EFD-E88A-4EED-9CCA-11C3EB5A8894}"
EndProject
Project("{FAE04EC0-301F-11D3-BF4B-00C04F79EFBC}") = "Example", "Example\Example.csproj", "{24B2E42D-A40D-4FB0-99F0-BA6C98871AAB}"
EndProject
Global
	GlobalSection(SolutionConfigurationPlatforms) = preSolution
		Debug|Any CPU = Debug|Any CPU
		Release|Any CPU = Release|Any CPU
	EndGlobalSection
	GlobalSection(ProjectConfigurationPlatforms) = postSolution
		{2597119A-81E6-4B4D-9D72-2197544AE585}.Debug|Any CPU.ActiveCfg = Debug|Any CPU
		{2597119A-81E6-4B4D-9D72-2197544AE585}.Debug|Any CPU.Build.0 = Debug|Any CPU
		{2597119A-81E6-4B4D-9D72-2197544AE585}.Release|Any CPU.ActiveCfg = Release|Any CPU
		{2597119A-81E6-4B4D-9D72-2197544AE585}.Release|Any CPU.Build.0 = Release|Any CPU
		{BDAD6EFD-E88A-4EED-9CCA-11C3EB5A8894}.Debug|Any CPU.ActiveCfg = Debug|Any CPU
		{BDAD6EFD-E88A-4EED-9CCA-11C3EB5A8894}.Debug|Any CPU.Build.0 = Debug|Any CPU
		{BDAD6EFD-E88A-4EED-9CCA-11C3EB5A8894}.Release|Any CPU.ActiveCfg = Release|Any CPU
		{BDAD6EFD-E88A-4EED-9CCA-11C3EB5A8894}.Release|Any CPU.Build.0 = Release|Any CPU
		{24B2E42D-A40D-4FB0-99F0-BA6C98871AAB}.Debug|Any CPU.ActiveCfg = Debug|Any CPU
		{24B2E42D-A40D-4FB0-99F0-BA6C98871AAB}.Debug|Any CPU.Build.0 = Debug|Any CPU
		{24B2E42D-A40D-4FB0-99F0-BA6C98871AAB}.Release|Any CPU.ActiveCfg = Release|Any CPU
		{24B2E42D-A40D-4FB0-99F0-BA6C98871AAB}.Release|Any CPU.Build.0 = Release|Any CPU
	EndGlobalSection
	GlobalSection(SolutionProperties) = preSolution
		HideSolutionNode = FALSE
	EndGlobalSection
	GlobalSection(ExtensibilityGlobals) = postSolution
		SolutionGuid = {39379D13-36E8-4EF0-8BCD-8965B3438F45}
	EndGlobalSection
EndGlobal
